
Microsoft Visual Studio Solution File, Format Version 12.00
# Visual Studio Version 17
VisualStudioVersion = 17.0.31903.59
MinimumVisualStudioVersion = 10.0.40219.1
Project("{2150E333-8FDC-42A3-9474-1A3956D46DE8}") = "src", "src", "{827E0CD3-B72D-47B6-A68D-7590B98EB39B}"
EndProject
Project("{FAE04EC0-301F-11D3-BF4B-00C04F79EFBC}") = "ChecklistPlantao.Domain", "src\ChecklistPlantao.Domain\ChecklistPlantao.Domain.csproj", "{B3FE3FE6-FB40-4D49-8EBE-DA909D579DBD}"
EndProject
Project("{FAE04EC0-301F-11D3-BF4B-00C04F79EFBC}") = "ChecklistPlantao.Contracts", "src\ChecklistPlantao.Contracts\ChecklistPlantao.Contracts.csproj", "{883BD959-DCFF-481C-9A1B-BAE201406A0B}"
EndProject
Project("{FAE04EC0-301F-11D3-BF4B-00C04F79EFBC}") = "ChecklistPlantao.Application", "src\ChecklistPlantao.Application\ChecklistPlantao.Application.csproj", "{397B27C4-D5D7-418F-8CDD-B3CEE057AA77}"
EndProject
Project("{FAE04EC0-301F-11D3-BF4B-00C04F79EFBC}") = "ChecklistPlantao.Infrastructure", "src\ChecklistPlantao.Infrastructure\ChecklistPlantao.Infrastructure.csproj", "{5C32EB88-67F2-4526-9D42-DAD7879FEDBF}"
EndProject
Project("{FAE04EC0-301F-11D3-BF4B-00C04F79EFBC}") = "ChecklistPlantao.Server", "src\ChecklistPlantao.Server\ChecklistPlantao.Server.csproj", "{5C9C2AF6-C2FF-45D9-BC58-CD721588CFD6}"
EndProject
Project("{FAE04EC0-301F-11D3-BF4B-00C04F79EFBC}") = "ChecklistPlantao.UI", "src\ChecklistPlantao.UI\ChecklistPlantao.UI.csproj", "{6AB12468-BDF3-433B-A61A-BA21366BB4AD}"
EndProject
Project("{FAE04EC0-301F-11D3-BF4B-00C04F79EFBC}") = "ChecklistPlantao.Client.Core", "src\ChecklistPlantao.Client.Core\ChecklistPlantao.Client.Core.csproj", "{23678182-DAB8-4428-B78A-47EA1EF4256A}"
EndProject
Project("{2150E333-8FDC-42A3-9474-1A3956D46DE8}") = "tests", "tests", "{0AB3BF05-4346-4AA6-1389-037BE0695223}"
EndProject
Project("{FAE04EC0-301F-11D3-BF4B-00C04F79EFBC}") = "ChecklistPlantao.Domain.Tests", "tests\ChecklistPlantao.Domain.Tests\ChecklistPlantao.Domain.Tests.csproj", "{DDC7DD19-5C6D-4682-9E92-98173F29A737}"
EndProject
Project("{FAE04EC0-301F-11D3-BF4B-00C04F79EFBC}") = "ChecklistPlantao.Application.Tests", "tests\ChecklistPlantao.Application.Tests\ChecklistPlantao.Application.Tests.csproj", "{517FCBFA-DF65-49BC-984F-ADD367D02B87}"
EndProject
Project("{FAE04EC0-301F-11D3-BF4B-00C04F79EFBC}") = "ChecklistPlantao.Client.Core.Tests", "tests\ChecklistPlantao.Client.Core.Tests\ChecklistPlantao.Client.Core.Tests.csproj", "{0048030B-B161-4138-B62C-80BEF6289A69}"
EndProject
Project("{FAE04EC0-301F-11D3-BF4B-00C04F79EFBC}") = "ChecklistPlantao.Server.IntegrationTests", "tests\ChecklistPlantao.Server.IntegrationTests\ChecklistPlantao.Server.IntegrationTests.csproj", "{22C53B0F-0DDD-422F-9866-30B6F9AB5FDB}"
EndProject
Project("{FAE04EC0-301F-11D3-BF4B-00C04F79EFBC}") = "ChecklistPlantao.UI.Tests", "tests\ChecklistPlantao.UI.Tests\ChecklistPlantao.UI.Tests.csproj", "{0FB2927A-B488-4670-9518-F1B6C78A8DD6}"
EndProject
Project("{FAE04EC0-301F-11D3-BF4B-00C04F79EFBC}") = "ChecklistPlantao.Client", "src\ChecklistPlantao.Client\ChecklistPlantao.Client.csproj", "{D1C7F6C1-6F87-455B-AA8A-C91F8E0F53C1}"
EndProject
Project("{FAE04EC0-301F-11D3-BF4B-00C04F79EFBC}") = "ChecklistPlantao.Client.Abstractions", "src\ChecklistPlantao.Client.Abstractions\ChecklistPlantao.Client.Abstractions.csproj", "{D0277456-C28F-4953-A563-D50F12749300}"
EndProject
Global
	GlobalSection(SolutionConfigurationPlatforms) = preSolution
		Debug|Any CPU = Debug|Any CPU
		Debug|x64 = Debug|x64
		Debug|x86 = Debug|x86
		Release|Any CPU = Release|Any CPU
		Release|x64 = Release|x64
		Release|x86 = Release|x86
	EndGlobalSection
	GlobalSection(ProjectConfigurationPlatforms) = postSolution
		{B3FE3FE6-FB40-4D49-8EBE-DA909D579DBD}.Debug|Any CPU.ActiveCfg = Debug|Any CPU
		{B3FE3FE6-FB40-4D49-8EBE-DA909D579DBD}.Debug|Any CPU.Build.0 = Debug|Any CPU
		{B3FE3FE6-FB40-4D49-8EBE-DA909D579DBD}.Debug|x64.ActiveCfg = Debug|Any CPU
		{B3FE3FE6-FB40-4D49-8EBE-DA909D579DBD}.Debug|x64.Build.0 = Debug|Any CPU
		{B3FE3FE6-FB40-4D49-8EBE-DA909D579DBD}.Debug|x86.ActiveCfg = Debug|Any CPU
		{B3FE3FE6-FB40-4D49-8EBE-DA909D579DBD}.Debug|x86.Build.0 = Debug|Any CPU
		{B3FE3FE6-FB40-4D49-8EBE-DA909D579DBD}.Release|Any CPU.ActiveCfg = Release|Any CPU
		{B3FE3FE6-FB40-4D49-8EBE-DA909D579DBD}.Release|Any CPU.Build.0 = Release|Any CPU
		{B3FE3FE6-FB40-4D49-8EBE-DA909D579DBD}.Release|x64.ActiveCfg = Release|Any CPU
		{B3FE3FE6-FB40-4D49-8EBE-DA909D579DBD}.Release|x64.Build.0 = Release|Any CPU
		{B3FE3FE6-FB40-4D49-8EBE-DA909D579DBD}.Release|x86.ActiveCfg = Release|Any CPU
		{B3FE3FE6-FB40-4D49-8EBE-DA909D579DBD}.Release|x86.Build.0 = Release|Any CPU
		{883BD959-DCFF-481C-9A1B-BAE201406A0B}.Debug|Any CPU.ActiveCfg = Debug|Any CPU
		{883BD959-DCFF-481C-9A1B-BAE201406A0B}.Debug|Any CPU.Build.0 = Debug|Any CPU
		{883BD959-DCFF-481C-9A1B-BAE201406A0B}.Debug|x64.ActiveCfg = Debug|Any CPU
		{883BD959-DCFF-481C-9A1B-BAE201406A0B}.Debug|x64.Build.0 = Debug|Any CPU
		{883BD959-DCFF-481C-9A1B-BAE201406A0B}.Debug|x86.ActiveCfg = Debug|Any CPU
		{883BD959-DCFF-481C-9A1B-BAE201406A0B}.Debug|x86.Build.0 = Debug|Any CPU
		{883BD959-DCFF-481C-9A1B-BAE201406A0B}.Release|Any CPU.ActiveCfg = Release|Any CPU
		{883BD959-DCFF-481C-9A1B-BAE201406A0B}.Release|Any CPU.Build.0 = Release|Any CPU
		{883BD959-DCFF-481C-9A1B-BAE201406A0B}.Release|x64.ActiveCfg = Release|Any CPU
		{883BD959-DCFF-481C-9A1B-BAE201406A0B}.Release|x64.Build.0 = Release|Any CPU
		{883BD959-DCFF-481C-9A1B-BAE201406A0B}.Release|x86.ActiveCfg = Release|Any CPU
		{883BD959-DCFF-481C-9A1B-BAE201406A0B}.Release|x86.Build.0 = Release|Any CPU
		{397B27C4-D5D7-418F-8CDD-B3CEE057AA77}.Debug|Any CPU.ActiveCfg = Debug|Any CPU
		{397B27C4-D5D7-418F-8CDD-B3CEE057AA77}.Debug|Any CPU.Build.0 = Debug|Any CPU
		{397B27C4-D5D7-418F-8CDD-B3CEE057AA77}.Debug|x64.ActiveCfg = Debug|Any CPU
		{397B27C4-D5D7-418F-8CDD-B3CEE057AA77}.Debug|x64.Build.0 = Debug|Any CPU
		{397B27C4-D5D7-418F-8CDD-B3CEE057AA77}.Debug|x86.ActiveCfg = Debug|Any CPU
		{397B27C4-D5D7-418F-8CDD-B3CEE057AA77}.Debug|x86.Build.0 = Debug|Any CPU
		{397B27C4-D5D7-418F-8CDD-B3CEE057AA77}.Release|Any CPU.ActiveCfg = Release|Any CPU
		{397B27C4-D5D7-418F-8CDD-B3CEE057AA77}.Release|Any CPU.Build.0 = Release|Any CPU
		{397B27C4-D5D7-418F-8CDD-B3CEE057AA77}.Release|x64.ActiveCfg = Release|Any CPU
		{397B27C4-D5D7-418F-8CDD-B3CEE057AA77}.Release|x64.Build.0 = Release|Any CPU
		{397B27C4-D5D7-418F-8CDD-B3CEE057AA77}.Release|x86.ActiveCfg = Release|Any CPU
		{397B27C4-D5D7-418F-8CDD-B3CEE057AA77}.Release|x86.Build.0 = Release|Any CPU
		{5C32EB88-67F2-4526-9D42-DAD7879FEDBF}.Debug|Any CPU.ActiveCfg = Debug|Any CPU
		{5C32EB88-67F2-4526-9D42-DAD7879FEDBF}.Debug|Any CPU.Build.0 = Debug|Any CPU
		{5C32EB88-67F2-4526-9D42-DAD7879FEDBF}.Debug|x64.ActiveCfg = Debug|Any CPU
		{5C32EB88-67F2-4526-9D42-DAD7879FEDBF}.Debug|x64.Build.0 = Debug|Any CPU
		{5C32EB88-67F2-4526-9D42-DAD7879FEDBF}.Debug|x86.ActiveCfg = Debug|Any CPU
		{5C32EB88-67F2-4526-9D42-DAD7879FEDBF}.Debug|x86.Build.0 = Debug|Any CPU
		{5C32EB88-67F2-4526-9D42-DAD7879FEDBF}.Release|Any CPU.ActiveCfg = Release|Any CPU
		{5C32EB88-67F2-4526-9D42-DAD7879FEDBF}.Release|Any CPU.Build.0 = Release|Any CPU
		{5C32EB88-67F2-4526-9D42-DAD7879FEDBF}.Release|x64.ActiveCfg = Release|Any CPU
		{5C32EB88-67F2-4526-9D42-DAD7879FEDBF}.Release|x64.Build.0 = Release|Any CPU
		{5C32EB88-67F2-4526-9D42-DAD7879FEDBF}.Release|x86.ActiveCfg = Release|Any CPU
		{5C32EB88-67F2-4526-9D42-DAD7879FEDBF}.Release|x86.Build.0 = Release|Any CPU
		{5C9C2AF6-C2FF-45D9-BC58-CD721588CFD6}.Debug|Any CPU.ActiveCfg = Debug|Any CPU
		{5C9C2AF6-C2FF-45D9-BC58-CD721588CFD6}.Debug|Any CPU.Build.0 = Debug|Any CPU
		{5C9C2AF6-C2FF-45D9-BC58-CD721588CFD6}.Debug|x64.ActiveCfg = Debug|Any CPU
		{5C9C2AF6-C2FF-45D9-BC58-CD721588CFD6}.Debug|x64.Build.0 = Debug|Any CPU
		{5C9C2AF6-C2FF-45D9-BC58-CD721588CFD6}.Debug|x86.ActiveCfg = Debug|Any CPU
		{5C9C2AF6-C2FF-45D9-BC58-CD721588CFD6}.Debug|x86.Build.0 = Debug|Any CPU
		{5C9C2AF6-C2FF-45D9-BC58-CD721588CFD6}.Release|Any CPU.ActiveCfg = Release|Any CPU
		{5C9C2AF6-C2FF-45D9-BC58-CD721588CFD6}.Release|Any CPU.Build.0 = Release|Any CPU
		{5C9C2AF6-C2FF-45D9-BC58-CD721588CFD6}.Release|x64.ActiveCfg = Release|Any CPU
		{5C9C2AF6-C2FF-45D9-BC58-CD721588CFD6}.Release|x64.Build.0 = Release|Any CPU
		{5C9C2AF6-C2FF-45D9-BC58-CD721588CFD6}.Release|x86.ActiveCfg = Release|Any CPU
		{5C9C2AF6-C2FF-45D9-BC58-CD721588CFD6}.Release|x86.Build.0 = Release|Any CPU
		{6AB12468-BDF3-433B-A61A-BA21366BB4AD}.Debug|Any CPU.ActiveCfg = Debug|Any CPU
		{6AB12468-BDF3-433B-A61A-BA21366BB4AD}.Debug|Any CPU.Build.0 = Debug|Any CPU
		{6AB12468-BDF3-433B-A61A-BA21366BB4AD}.Debug|x64.ActiveCfg = Debug|Any CPU
		{6AB12468-BDF3-433B-A61A-BA21366BB4AD}.Debug|x64.Build.0 = Debug|Any CPU
		{6AB12468-BDF3-433B-A61A-BA21366BB4AD}.Debug|x86.ActiveCfg = Debug|Any CPU
		{6AB12468-BDF3-433B-A61A-BA21366BB4AD}.Debug|x86.Build.0 = Debug|Any CPU
		{6AB12468-BDF3-433B-A61A-BA21366BB4AD}.Release|Any CPU.ActiveCfg = Release|Any CPU
		{6AB12468-BDF3-433B-A61A-BA21366BB4AD}.Release|Any CPU.Build.0 = Release|Any CPU
		{6AB12468-BDF3-433B-A61A-BA21366BB4AD}.Release|x64.ActiveCfg = Release|Any CPU
		{6AB12468-BDF3-433B-A61A-BA21366BB4AD}.Release|x64.Build.0 = Release|Any CPU
		{6AB12468-BDF3-433B-A61A-BA21366BB4AD}.Release|x86.ActiveCfg = Release|Any CPU
		{6AB12468-BDF3-433B-A61A-BA21366BB4AD}.Release|x86.Build.0 = Release|Any CPU
		{23678182-DAB8-4428-B78A-47EA1EF4256A}.Debug|Any CPU.ActiveCfg = Debug|Any CPU
		{23678182-DAB8-4428-B78A-47EA1EF4256A}.Debug|Any CPU.Build.0 = Debug|Any CPU
		{23678182-DAB8-4428-B78A-47EA1EF4256A}.Debug|x64.ActiveCfg = Debug|Any CPU
		{23678182-DAB8-4428-B78A-47EA1EF4256A}.Debug|x64.Build.0 = Debug|Any CPU
		{23678182-DAB8-4428-B78A-47EA1EF4256A}.Debug|x86.ActiveCfg = Debug|Any CPU
		{23678182-DAB8-4428-B78A-47EA1EF4256A}.Debug|x86.Build.0 = Debug|Any CPU
		{23678182-DAB8-4428-B78A-47EA1EF4256A}.Release|Any CPU.ActiveCfg = Release|Any CPU
		{23678182-DAB8-4428-B78A-47EA1EF4256A}.Release|Any CPU.Build.0 = Release|Any CPU
		{23678182-DAB8-4428-B78A-47EA1EF4256A}.Release|x64.ActiveCfg = Release|Any CPU
		{23678182-DAB8-4428-B78A-47EA1EF4256A}.Release|x64.Build.0 = Release|Any CPU
		{23678182-DAB8-4428-B78A-47EA1EF4256A}.Release|x86.ActiveCfg = Release|Any CPU
		{23678182-DAB8-4428-B78A-47EA1EF4256A}.Release|x86.Build.0 = Release|Any CPU
		{DDC7DD19-5C6D-4682-9E92-98173F29A737}.Debug|Any CPU.ActiveCfg = Debug|Any CPU
		{DDC7DD19-5C6D-4682-9E92-98173F29A737}.Debug|Any CPU.Build.0 = Debug|Any CPU
		{DDC7DD19-5C6D-4682-9E92-98173F29A737}.Debug|x64.ActiveCfg = Debug|Any CPU
		{DDC7DD19-5C6D-4682-9E92-98173F29A737}.Debug|x64.Build.0 = Debug|Any CPU
		{DDC7DD19-5C6D-4682-9E92-98173F29A737}.Debug|x86.ActiveCfg = Debug|Any CPU
		{DDC7DD19-5C6D-4682-9E92-98173F29A737}.Debug|x86.Build.0 = Debug|Any CPU
		{DDC7DD19-5C6D-4682-9E92-98173F29A737}.Release|Any CPU.ActiveCfg = Release|Any CPU
		{DDC7DD19-5C6D-4682-9E92-98173F29A737}.Release|Any CPU.Build.0 = Release|Any CPU
		{DDC7DD19-5C6D-4682-9E92-98173F29A737}.Release|x64.ActiveCfg = Release|Any CPU
		{DDC7DD19-5C6D-4682-9E92-98173F29A737}.Release|x64.Build.0 = Release|Any CPU
		{DDC7DD19-5C6D-4682-9E92-98173F29A737}.Release|x86.ActiveCfg = Release|Any CPU
		{DDC7DD19-5C6D-4682-9E92-98173F29A737}.Release|x86.Build.0 = Release|Any CPU
		{517FCBFA-DF65-49BC-984F-ADD367D02B87}.Debug|Any CPU.ActiveCfg = Debug|Any CPU
		{517FCBFA-DF65-49BC-984F-ADD367D02B87}.Debug|Any CPU.Build.0 = Debug|Any CPU
		{517FCBFA-DF65-49BC-984F-ADD367D02B87}.Debug|x64.ActiveCfg = Debug|Any CPU
		{517FCBFA-DF65-49BC-984F-ADD367D02B87}.Debug|x64.Build.0 = Debug|Any CPU
		{517FCBFA-DF65-49BC-984F-ADD367D02B87}.Debug|x86.ActiveCfg = Debug|Any CPU
		{517FCBFA-DF65-49BC-984F-ADD367D02B87}.Debug|x86.Build.0 = Debug|Any CPU
		{517FCBFA-DF65-49BC-984F-ADD367D02B87}.Release|Any CPU.ActiveCfg = Release|Any CPU
		{517FCBFA-DF65-49BC-984F-ADD367D02B87}.Release|Any CPU.Build.0 = Release|Any CPU
		{517FCBFA-DF65-49BC-984F-ADD367D02B87}.Release|x64.ActiveCfg = Release|Any CPU
		{517FCBFA-DF65-49BC-984F-ADD367D02B87}.Release|x64.Build.0 = Release|Any CPU
		{517FCBFA-DF65-49BC-984F-ADD367D02B87}.Release|x86.ActiveCfg = Release|Any CPU
		{517FCBFA-DF65-49BC-984F-ADD367D02B87}.Release|x86.Build.0 = Release|Any CPU
		{0048030B-B161-4138-B62C-80BEF6289A69}.Debug|Any CPU.ActiveCfg = Debug|Any CPU
		{0048030B-B161-4138-B62C-80BEF6289A69}.Debug|Any CPU.Build.0 = Debug|Any CPU
		{0048030B-B161-4138-B62C-80BEF6289A69}.Debug|x64.ActiveCfg = Debug|Any CPU
		{0048030B-B161-4138-B62C-80BEF6289A69}.Debug|x64.Build.0 = Debug|Any CPU
		{0048030B-B161-4138-B62C-80BEF6289A69}.Debug|x86.ActiveCfg = Debug|Any CPU
		{0048030B-B161-4138-B62C-80BEF6289A69}.Debug|x86.Build.0 = Debug|Any CPU
		{0048030B-B161-4138-B62C-80BEF6289A69}.Release|Any CPU.ActiveCfg = Release|Any CPU
		{0048030B-B161-4138-B62C-80BEF6289A69}.Release|Any CPU.Build.0 = Release|Any CPU
		{0048030B-B161-4138-B62C-80BEF6289A69}.Release|x64.ActiveCfg = Release|Any CPU
		{0048030B-B161-4138-B62C-80BEF6289A69}.Release|x64.Build.0 = Release|Any CPU
		{0048030B-B161-4138-B62C-80BEF6289A69}.Release|x86.ActiveCfg = Release|Any CPU
		{0048030B-B161-4138-B62C-80BEF6289A69}.Release|x86.Build.0 = Release|Any CPU
		{22C53B0F-0DDD-422F-9866-30B6F9AB5FDB}.Debug|Any CPU.ActiveCfg = Debug|Any CPU
		{22C53B0F-0DDD-422F-9866-30B6F9AB5FDB}.Debug|Any CPU.Build.0 = Debug|Any CPU
		{22C53B0F-0DDD-422F-9866-30B6F9AB5FDB}.Debug|x64.ActiveCfg = Debug|Any CPU
		{22C53B0F-0DDD-422F-9866-30B6F9AB5FDB}.Debug|x64.Build.0 = Debug|Any CPU
		{22C53B0F-0DDD-422F-9866-30B6F9AB5FDB}.Debug|x86.ActiveCfg = Debug|Any CPU
		{22C53B0F-0DDD-422F-9866-30B6F9AB5FDB}.Debug|x86.Build.0 = Debug|Any CPU
		{22C53B0F-0DDD-422F-9866-30B6F9AB5FDB}.Release|Any CPU.ActiveCfg = Release|Any CPU
		{22C53B0F-0DDD-422F-9866-30B6F9AB5FDB}.Release|Any CPU.Build.0 = Release|Any CPU
		{22C53B0F-0DDD-422F-9866-30B6F9AB5FDB}.Release|x64.ActiveCfg = Release|Any CPU
		{22C53B0F-0DDD-422F-9866-30B6F9AB5FDB}.Release|x64.Build.0 = Release|Any CPU
		{22C53B0F-0DDD-422F-9866-30B6F9AB5FDB}.Release|x86.ActiveCfg = Release|Any CPU
		{22C53B0F-0DDD-422F-9866-30B6F9AB5FDB}.Release|x86.Build.0 = Release|Any CPU
		{0FB2927A-B488-4670-9518-F1B6C78A8DD6}.Debug|Any CPU.ActiveCfg = Debug|Any CPU
		{0FB2927A-B488-4670-9518-F1B6C78A8DD6}.Debug|Any CPU.Build.0 = Debug|Any CPU
		{0FB2927A-B488-4670-9518-F1B6C78A8DD6}.Debug|x64.ActiveCfg = Debug|Any CPU
		{0FB2927A-B488-4670-9518-F1B6C78A8DD6}.Debug|x64.Build.0 = Debug|Any CPU
		{0FB2927A-B488-4670-9518-F1B6C78A8DD6}.Debug|x86.ActiveCfg = Debug|Any CPU
		{0FB2927A-B488-4670-9518-F1B6C78A8DD6}.Debug|x86.Build.0 = Debug|Any CPU
		{0FB2927A-B488-4670-9518-F1B6C78A8DD6}.Release|Any CPU.ActiveCfg = Release|Any CPU
		{0FB2927A-B488-4670-9518-F1B6C78A8DD6}.Release|Any CPU.Build.0 = Release|Any CPU
		{0FB2927A-B488-4670-9518-F1B6C78A8DD6}.Release|x64.ActiveCfg = Release|Any CPU
		{0FB2927A-B488-4670-9518-F1B6C78A8DD6}.Release|x64.Build.0 = Release|Any CPU
		{0FB2927A-B488-4670-9518-F1B6C78A8DD6}.Release|x86.ActiveCfg = Release|Any CPU
		{0FB2927A-B488-4670-9518-F1B6C78A8DD6}.Release|x86.Build.0 = Release|Any CPU
		{D1C7F6C1-6F87-455B-AA8A-C91F8E0F53C1}.Debug|Any CPU.ActiveCfg = Debug|Any CPU
		{D1C7F6C1-6F87-455B-AA8A-C91F8E0F53C1}.Debug|Any CPU.Build.0 = Debug|Any CPU
		{D1C7F6C1-6F87-455B-AA8A-C91F8E0F53C1}.Debug|x64.ActiveCfg = Debug|Any CPU
		{D1C7F6C1-6F87-455B-AA8A-C91F8E0F53C1}.Debug|x64.Build.0 = Debug|Any CPU
		{D1C7F6C1-6F87-455B-AA8A-C91F8E0F53C1}.Debug|x86.ActiveCfg = Debug|Any CPU
		{D1C7F6C1-6F87-455B-AA8A-C91F8E0F53C1}.Debug|x86.Build.0 = Debug|Any CPU
		{D1C7F6C1-6F87-455B-AA8A-C91F8E0F53C1}.Release|Any CPU.ActiveCfg = Release|Any CPU
		{D1C7F6C1-6F87-455B-AA8A-C91F8E0F53C1}.Release|Any CPU.Build.0 = Release|Any CPU
		{D1C7F6C1-6F87-455B-AA8A-C91F8E0F53C1}.Release|x64.ActiveCfg = Release|Any CPU
		{D1C7F6C1-6F87-455B-AA8A-C91F8E0F53C1}.Release|x64.Build.0 = Release|Any CPU
		{D1C7F6C1-6F87-455B-AA8A-C91F8E0F53C1}.Release|x86.ActiveCfg = Release|Any CPU
		{D1C7F6C1-6F87-455B-AA8A-C91F8E0F53C1}.Release|x86.Build.0 = Release|Any CPU
		{D0277456-C28F-4953-A563-D50F12749300}.Debug|Any CPU.ActiveCfg = Debug|Any CPU
		{D0277456-C28F-4953-A563-D50F12749300}.Debug|Any CPU.Build.0 = Debug|Any CPU
		{D0277456-C28F-4953-A563-D50F12749300}.Debug|x64.ActiveCfg = Debug|Any CPU
		{D0277456-C28F-4953-A563-D50F12749300}.Debug|x64.Build.0 = Debug|Any CPU
		{D0277456-C28F-4953-A563-D50F12749300}.Debug|x86.ActiveCfg = Debug|Any CPU
		{D0277456-C28F-4953-A563-D50F12749300}.Debug|x86.Build.0 = Debug|Any CPU
		{D0277456-C28F-4953-A563-D50F12749300}.Release|Any CPU.ActiveCfg = Release|Any CPU
		{D0277456-C28F-4953-A563-D50F12749300}.Release|Any CPU.Build.0 = Release|Any CPU
		{D0277456-C28F-4953-A563-D50F12749300}.Release|x64.ActiveCfg = Release|Any CPU
		{D0277456-C28F-4953-A563-D50F12749300}.Release|x64.Build.0 = Release|Any CPU
		{D0277456-C28F-4953-A563-D50F12749300}.Release|x86.ActiveCfg = Release|Any CPU
		{D0277456-C28F-4953-A563-D50F12749300}.Release|x86.Build.0 = Release|Any CPU
	EndGlobalSection
	GlobalSection(SolutionProperties) = preSolution
		HideSolutionNode = FALSE
	EndGlobalSection
	GlobalSection(NestedProjects) = preSolution
		{B3FE3FE6-FB40-4D49-8EBE-DA909D579DBD} = {827E0CD3-B72D-47B6-A68D-7590B98EB39B}
		{883BD959-DCFF-481C-9A1B-BAE201406A0B} = {827E0CD3-B72D-47B6-A68D-7590B98EB39B}
		{397B27C4-D5D7-418F-8CDD-B3CEE057AA77} = {827E0CD3-B72D-47B6-A68D-7590B98EB39B}
		{5C32EB88-67F2-4526-9D42-DAD7879FEDBF} = {827E0CD3-B72D-47B6-A68D-7590B98EB39B}
		{5C9C2AF6-C2FF-45D9-BC58-CD721588CFD6} = {827E0CD3-B72D-47B6-A68D-7590B98EB39B}
		{6AB12468-BDF3-433B-A61A-BA21366BB4AD} = {827E0CD3-B72D-47B6-A68D-7590B98EB39B}
		{23678182-DAB8-4428-B78A-47EA1EF4256A} = {827E0CD3-B72D-47B6-A68D-7590B98EB39B}
		{DDC7DD19-5C6D-4682-9E92-98173F29A737} = {0AB3BF05-4346-4AA6-1389-037BE0695223}
		{517FCBFA-DF65-49BC-984F-ADD367D02B87} = {0AB3BF05-4346-4AA6-1389-037BE0695223}
		{0048030B-B161-4138-B62C-80BEF6289A69} = {0AB3BF05-4346-4AA6-1389-037BE0695223}
		{22C53B0F-0DDD-422F-9866-30B6F9AB5FDB} = {0AB3BF05-4346-4AA6-1389-037BE0695223}
		{0FB2927A-B488-4670-9518-F1B6C78A8DD6} = {0AB3BF05-4346-4AA6-1389-037BE0695223}
		{D1C7F6C1-6F87-455B-AA8A-C91F8E0F53C1} = {827E0CD3-B72D-47B6-A68D-7590B98EB39B}
		{D0277456-C28F-4953-A563-D50F12749300} = {827E0CD3-B72D-47B6-A68D-7590B98EB39B}
	EndGlobalSection
EndGlobal
